
Microsoft Visual Studio Solution File, Format Version 12.00
# Visual Studio Version 17
VisualStudioVersion = 17.9.34902.65
MinimumVisualStudioVersion = 10.0.40219.1
Project("{FAE04EC0-301F-11D3-BF4B-00C04F79EFBC}") = "EmployeeAdminPortal", "EmployeeAdminPortal.csproj", "{28571FD8-0D77-47F6-A4DA-C1D295914B88}"
EndProject
Global
	GlobalSection(SolutionConfigurationPlatforms) = preSolution
		Debug|Any CPU = Debug|Any CPU
		Release|Any CPU = Release|Any CPU
	EndGlobalSection
	GlobalSection(ProjectConfigurationPlatforms) = postSolution
		{28571FD8-0D77-47F6-A4DA-C1D295914B88}.Debug|Any CPU.ActiveCfg = Debug|Any CPU
		{28571FD8-0D77-47F6-A4DA-C1D295914B88}.Debug|Any CPU.Build.0 = Debug|Any CPU
		{28571FD8-0D77-47F6-A4DA-C1D295914B88}.Release|Any CPU.ActiveCfg = Release|Any CPU
		{28571FD8-0D77-47F6-A4DA-C1D295914B88}.Release|Any CPU.Build.0 = Release|Any CPU
	EndGlobalSection
	GlobalSection(SolutionProperties) = preSolution
		HideSolutionNode = FALSE
	EndGlobalSection
	GlobalSection(ExtensibilityGlobals) = postSolution
		SolutionGuid = {99DC81E2-B6CB-4AFE-9553-38B051B4534C}
	EndGlobalSection
EndGlobal
